<?xml version="1.0" encoding="utf-8"?>
<Project ToolsVersion="4.0" xmlns="http://schemas.microsoft.com/developer/msbuild/2003">
  <ItemGroup>
    <Filter Include="Quelldateien">
      <UniqueIdentifier>{4FC737F1-C7A5-4376-A066-2A32D752A2FF}</UniqueIdentifier>
      <Extensions>cpp;c;cc;cxx;c++;cppm;ixx;def;odl;idl;hpj;bat;asm;asmx</Extensions>
    </Filter>
    <Filter Include="Headerdateien">
      <UniqueIdentifier>{93995380-89BD-4b04-88EB-625FBE52EBFB}</UniqueIdentifier>
      <Extensions>h;hh;hpp;hxx;h++;hm;inl;inc;ipp;xsd</Extensions>
    </Filter>
    <Filter Include="Ressourcendateien">
      <UniqueIdentifier>{67DA6AB6-F800-4c08-8B7A-83BB121AAD01}</UniqueIdentifier>
      <Extensions>rc;ico;cur;bmp;dlg;rc2;rct;bin;rgs;gif;jpg;jpeg;jpe;resx;tiff;tif;png;wav;mfcribbon-ms</Extensions>
    </Filter>
    <Filter Include="Quelldateien\imgui">
      <UniqueIdentifier>{f2f6c4ab-6c81-4fab-86b4-20bf4884b1e4}</UniqueIdentifier>
    </Filter>
    <Filter Include="Quelldateien\glad">
      <UniqueIdentifier>{98ca5d07-d5dc-442e-ab7f-36ba03d98075}</UniqueIdentifier>
    </Filter>
    <Filter Include="Quelldateien\glfw">
      <UniqueIdentifier>{84f3b271-c29e-4c92-af31-30ac9a39c78e}</UniqueIdentifier>
    </Filter>
    <Filter Include="Quelldateien\qapla-engine">
      <UniqueIdentifier>{e993a8d7-c42a-4712-815f-20a39d5ec49b}</UniqueIdentifier>
    </Filter>
    <Filter Include="Quelldateien\qapla-tester">
      <UniqueIdentifier>{8b9bba89-a0f3-4da7-8671-561ca383d3c9}</UniqueIdentifier>
    </Filter>
  </ItemGroup>
  <ItemGroup>
    <ClCompile Include="imgui\imgui.cpp">
      <Filter>Quelldateien\imgui</Filter>
    </ClCompile>
    <ClCompile Include="imgui\imgui_draw.cpp">
      <Filter>Quelldateien\imgui</Filter>
    </ClCompile>
    <ClCompile Include="imgui\imgui_tables.cpp">
      <Filter>Quelldateien\imgui</Filter>
    </ClCompile>
    <ClCompile Include="imgui\imgui_widgets.cpp">
      <Filter>Quelldateien\imgui</Filter>
    </ClCompile>
    <ClCompile Include="imgui\backends\imgui_impl_glfw.cpp">
      <Filter>Quelldateien\imgui</Filter>
    </ClCompile>
    <ClCompile Include="imgui\backends\imgui_impl_opengl3.cpp">
      <Filter>Quelldateien\imgui</Filter>
    </ClCompile>
    <ClCompile Include="glad\src\glad.c">
      <Filter>Quelldateien\glad</Filter>
    </ClCompile>
    <ClCompile Include="glfw\src\init.c">
      <Filter>Quelldateien\glfw</Filter>
    </ClCompile>
    <ClCompile Include="glfw\src\context.c">
      <Filter>Quelldateien\glfw</Filter>
    </ClCompile>
    <ClCompile Include="glfw\src\window.c">
      <Filter>Quelldateien\glfw</Filter>
    </ClCompile>
    <ClCompile Include="glfw\src\monitor.c">
      <Filter>Quelldateien\glfw</Filter>
    </ClCompile>
    <ClCompile Include="glfw\src\wgl_context.c">
      <Filter>Quelldateien\glfw</Filter>
    </ClCompile>
    <ClCompile Include="glfw\src\win32_init.c">
      <Filter>Quelldateien\glfw</Filter>
    </ClCompile>
    <ClCompile Include="glfw\src\win32_joystick.c">
      <Filter>Quelldateien\glfw</Filter>
    </ClCompile>
    <ClCompile Include="glfw\src\win32_module.c">
      <Filter>Quelldateien\glfw</Filter>
    </ClCompile>
    <ClCompile Include="glfw\src\win32_monitor.c">
      <Filter>Quelldateien\glfw</Filter>
    </ClCompile>
    <ClCompile Include="glfw\src\win32_thread.c">
      <Filter>Quelldateien\glfw</Filter>
    </ClCompile>
    <ClCompile Include="glfw\src\win32_time.c">
      <Filter>Quelldateien\glfw</Filter>
    </ClCompile>
    <ClCompile Include="glfw\src\win32_window.c">
      <Filter>Quelldateien\glfw</Filter>
    </ClCompile>
    <ClCompile Include="glfw\src\input.c">
      <Filter>Quelldateien\glfw</Filter>
    </ClCompile>
    <ClCompile Include="glfw\src\platform.c">
      <Filter>Quelldateien\glfw</Filter>
    </ClCompile>
    <ClCompile Include="glfw\src\vulkan.c">
      <Filter>Quelldateien\glfw</Filter>
    </ClCompile>
    <ClCompile Include="glfw\src\null_init.c">
      <Filter>Quelldateien\glfw</Filter>
    </ClCompile>
    <ClCompile Include="glfw\src\null_window.c">
      <Filter>Quelldateien\glfw</Filter>
    </ClCompile>
    <ClCompile Include="glfw\src\null_monitor.c">
      <Filter>Quelldateien\glfw</Filter>
    </ClCompile>
    <ClCompile Include="glfw\src\null_joystick.c">
      <Filter>Quelldateien\glfw</Filter>
    </ClCompile>
    <ClCompile Include="glfw\src\egl_context.c">
      <Filter>Quelldateien\glfw</Filter>
    </ClCompile>
    <ClCompile Include="glfw\src\osmesa_context.c">
      <Filter>Quelldateien\glfw</Filter>
    </ClCompile>
    <ClCompile Include="src\qapla-chess-gui.cpp">
      <Filter>Quelldateien</Filter>
    </ClCompile>
    <ClCompile Include="src\font.cpp">
      <Filter>Quelldateien</Filter>
    </ClCompile>
    <ClCompile Include="src\board-window.cpp">
      <Filter>Quelldateien</Filter>
    </ClCompile>
    <ClCompile Include="src\qapla-engine\board.cpp">
      <Filter>Quelldateien\qapla-engine</Filter>
    </ClCompile>
    <ClCompile Include="src\qapla-engine\magics.cpp">
      <Filter>Quelldateien\qapla-engine</Filter>
    </ClCompile>
    <ClCompile Include="src\qapla-engine\movegenerator.cpp">
      <Filter>Quelldateien\qapla-engine</Filter>
    </ClCompile>
    <ClCompile Include="src\qapla-engine\piecesignature.cpp">
      <Filter>Quelldateien\qapla-engine</Filter>
    </ClCompile>
    <ClCompile Include="src\qapla-engine\pst.cpp">
      <Filter>Quelldateien\qapla-engine</Filter>
    </ClCompile>
    <ClCompile Include="src\qapla-engine\hashconstants.cpp">
      <Filter>Quelldateien\qapla-engine</Filter>
    </ClCompile>
    <ClCompile Include="src\qapla-engine\bitboardmasks.cpp">
      <Filter>Quelldateien\qapla-engine</Filter>
    </ClCompile>
    <ClCompile Include="src\move-list-window.cpp">
      <Filter>Quelldateien</Filter>
    </ClCompile>
    <ClCompile Include="src\board-workspace.cpp">
      <Filter>Quelldateien</Filter>
    </ClCompile>
    <ClCompile Include="src\engine-window.cpp">
      <Filter>Quelldateien</Filter>
    </ClCompile>
    <ClCompile Include="src\qapla-tester\game-state.cpp">
      <Filter>Quelldateien\qapla-tester</Filter>
    </ClCompile>
    <ClCompile Include="src\qapla-tester\player-context.cpp">
      <Filter>Quelldateien\qapla-tester</Filter>
    </ClCompile>
    <ClCompile Include="src\qapla-tester\tournament-result.cpp">
      <Filter>Quelldateien\qapla-tester</Filter>
    </ClCompile>
    <ClCompile Include="src\qapla-tester\uci-adpater.cpp">
      <Filter>Quelldateien\qapla-tester</Filter>
    </ClCompile>
    <ClCompile Include="src\qapla-tester\winboard-adapter.cpp">
      <Filter>Quelldateien\qapla-tester</Filter>
    </ClCompile>
    <ClCompile Include="src\qapla-tester\compute-task.cpp">
      <Filter>Quelldateien\qapla-tester</Filter>
    </ClCompile>
    <ClCompile Include="src\qapla-tester\engine-adapter.cpp">
      <Filter>Quelldateien\qapla-tester</Filter>
    </ClCompile>
    <ClCompile Include="src\qapla-tester\engine-config.cpp">
      <Filter>Quelldateien\qapla-tester</Filter>
    </ClCompile>
    <ClCompile Include="src\qapla-tester\engine-config-manager.cpp">
      <Filter>Quelldateien\qapla-tester</Filter>
    </ClCompile>
    <ClCompile Include="src\qapla-tester\engine-process.cpp">
      <Filter>Quelldateien\qapla-tester</Filter>
    </ClCompile>
    <ClCompile Include="src\qapla-tester\engine-report.cpp">
      <Filter>Quelldateien\qapla-tester</Filter>
    </ClCompile>
    <ClCompile Include="src\qapla-tester\engine-worker.cpp">
      <Filter>Quelldateien\qapla-tester</Filter>
    </ClCompile>
    <ClCompile Include="src\qapla-tester\game-context.cpp">
      <Filter>Quelldateien\qapla-tester</Filter>
    </ClCompile>
    <ClCompile Include="src\qapla-tester\game-record.cpp">
      <Filter>Quelldateien\qapla-tester</Filter>
    </ClCompile>
    <ClCompile Include="src\qapla-tester\engine-worker-factory.cpp">
      <Filter>Quelldateien\qapla-tester</Filter>
    </ClCompile>
    <ClCompile Include="src\qapla-tester\cli-settings-manager.cpp">
      <Filter>Quelldateien\qapla-tester</Filter>
    </ClCompile>
    <ClCompile Include="src\board-data.cpp">
      <Filter>Quelldateien</Filter>
    </ClCompile>
    <ClCompile Include="src\imgui-table.cpp">
      <Filter>Quelldateien</Filter>
    </ClCompile>
    <ClCompile Include="src\clock-window.cpp">
      <Filter>Quelldateien</Filter>
    </ClCompile>
    <ClCompile Include="src\chess-font.cpp">
      <Filter>Quelldateien</Filter>
    </ClCompile>
    <ClCompile Include="src\inter-variable.cpp">
      <Filter>Quelldateien</Filter>
    </ClCompile>
  </ItemGroup>
  <ItemGroup>
    <ClInclude Include="src\font.h">
      <Filter>Quelldateien</Filter>
    </ClInclude>
    <ClInclude Include="src\board-window.h">
      <Filter>Quelldateien</Filter>
    </ClInclude>
    <ClInclude Include="src\qapla-engine\bits.h">
      <Filter>Quelldateien\qapla-engine</Filter>
    </ClInclude>
    <ClInclude Include="src\qapla-engine\board.h">
      <Filter>Quelldateien\qapla-engine</Filter>
    </ClInclude>
    <ClInclude Include="src\qapla-engine\boardstate.h">
      <Filter>Quelldateien\qapla-engine</Filter>
    </ClInclude>
    <ClInclude Include="src\qapla-engine\fenscanner.h">
      <Filter>Quelldateien\qapla-engine</Filter>
    </ClInclude>
    <ClInclude Include="src\qapla-engine\magics.h">
      <Filter>Quelldateien\qapla-engine</Filter>
    </ClInclude>
    <ClInclude Include="src\qapla-engine\materialbalance.h">
      <Filter>Quelldateien\qapla-engine</Filter>
    </ClInclude>
    <ClInclude Include="src\qapla-engine\move.h">
      <Filter>Quelldateien\qapla-engine</Filter>
    </ClInclude>
    <ClInclude Include="src\qapla-engine\movegenerator.h">
      <Filter>Quelldateien\qapla-engine</Filter>
    </ClInclude>
    <ClInclude Include="src\qapla-engine\movelist.h">
      <Filter>Quelldateien\qapla-engine</Filter>
    </ClInclude>
    <ClInclude Include="src\qapla-engine\piecesignature.h">
      <Filter>Quelldateien\qapla-engine</Filter>
    </ClInclude>
    <ClInclude Include="src\qapla-engine\pst.h">
      <Filter>Quelldateien\qapla-engine</Filter>
    </ClInclude>
    <ClInclude Include="src\qapla-engine\types.h">
      <Filter>Quelldateien\qapla-engine</Filter>
    </ClInclude>
    <ClInclude Include="src\qapla-engine\evalvalue.h">
      <Filter>Quelldateien\qapla-engine</Filter>
    </ClInclude>
    <ClInclude Include="src\qapla-engine\hashconstants.h">
      <Filter>Quelldateien\qapla-engine</Filter>
    </ClInclude>
    <ClInclude Include="src\qapla-engine\bitboardmasks.h">
      <Filter>Quelldateien\qapla-engine</Filter>
    </ClInclude>
    <ClInclude Include="src\qapla-engine\movescanner.h">
      <Filter>Quelldateien\qapla-engine</Filter>
    </ClInclude>
    <ClInclude Include="src\embedded-window.h">
      <Filter>Quelldateien</Filter>
    </ClInclude>
    <ClInclude Include="src\move-list-window.h">
      <Filter>Quelldateien</Filter>
    </ClInclude>
    <ClInclude Include="src\board-workspace.h">
      <Filter>Quelldateien</Filter>
    </ClInclude>
    <ClInclude Include="src\horizontal-split-container.h">
      <Filter>Quelldateien</Filter>
    </ClInclude>
    <ClInclude Include="src\vertical-split-container.h">
      <Filter>Quelldateien</Filter>
    </ClInclude>
    <ClInclude Include="src\engine-window.h">
      <Filter>Quelldateien</Filter>
    </ClInclude>
    <ClInclude Include="src\qapla-tester\game-record.h">
      <Filter>Quelldateien\qapla-tester</Filter>
    </ClInclude>
    <ClInclude Include="src\qapla-tester\game-result.h">
      <Filter>Quelldateien\qapla-tester</Filter>
    </ClInclude>
    <ClInclude Include="src\qapla-tester\game-start-position.h">
      <Filter>Quelldateien\qapla-tester</Filter>
    </ClInclude>
    <ClInclude Include="src\qapla-tester\game-state.h">
      <Filter>Quelldateien\qapla-tester</Filter>
    </ClInclude>
    <ClInclude Include="src\qapla-tester\logger.h">
      <Filter>Quelldateien\qapla-tester</Filter>
    </ClInclude>
    <ClInclude Include="src\qapla-tester\move-record.h">
      <Filter>Quelldateien\qapla-tester</Filter>
    </ClInclude>
    <ClInclude Include="src\qapla-tester\player-context.h">
      <Filter>Quelldateien\qapla-tester</Filter>
    </ClInclude>
    <ClInclude Include="src\qapla-tester\string-helper.h">
      <Filter>Quelldateien\qapla-tester</Filter>
    </ClInclude>
    <ClInclude Include="src\qapla-tester\time-control.h">
      <Filter>Quelldateien\qapla-tester</Filter>
    </ClInclude>
    <ClInclude Include="src\qapla-tester\tournament-result.h">
      <Filter>Quelldateien\qapla-tester</Filter>
    </ClInclude>
    <ClInclude Include="src\qapla-tester\uci-adapter.h">
      <Filter>Quelldateien\qapla-tester</Filter>
    </ClInclude>
    <ClInclude Include="src\qapla-tester\uci-option.h">
      <Filter>Quelldateien\qapla-tester</Filter>
    </ClInclude>
    <ClInclude Include="src\qapla-tester\winboard-adapter.h">
      <Filter>Quelldateien\qapla-tester</Filter>
    </ClInclude>
    <ClInclude Include="src\qapla-tester\app-error.h">
      <Filter>Quelldateien\qapla-tester</Filter>
    </ClInclude>
    <ClInclude Include="src\qapla-tester\compute-task.h">
      <Filter>Quelldateien\qapla-tester</Filter>
    </ClInclude>
    <ClInclude Include="src\qapla-tester\engine-adapter.h">
      <Filter>Quelldateien\qapla-tester</Filter>
    </ClInclude>
    <ClInclude Include="src\qapla-tester\engine-config.h">
      <Filter>Quelldateien\qapla-tester</Filter>
    </ClInclude>
    <ClInclude Include="src\qapla-tester\engine-config-manager.h">
      <Filter>Quelldateien\qapla-tester</Filter>
    </ClInclude>
    <ClInclude Include="src\qapla-tester\engine-event.h">
      <Filter>Quelldateien\qapla-tester</Filter>
    </ClInclude>
    <ClInclude Include="src\qapla-tester\engine-option.h">
      <Filter>Quelldateien\qapla-tester</Filter>
    </ClInclude>
    <ClInclude Include="src\qapla-tester\engine-process.h">
      <Filter>Quelldateien\qapla-tester</Filter>
    </ClInclude>
    <ClInclude Include="src\qapla-tester\engine-report.h">
      <Filter>Quelldateien\qapla-tester</Filter>
    </ClInclude>
    <ClInclude Include="src\qapla-tester\engine-worker.h">
      <Filter>Quelldateien\qapla-tester</Filter>
    </ClInclude>
    <ClInclude Include="src\qapla-tester\game-context.h">
      <Filter>Quelldateien\qapla-tester</Filter>
    </ClInclude>
    <ClInclude Include="src\qapla-tester\timer.h">
      <Filter>Quelldateien\qapla-tester</Filter>
    </ClInclude>
    <ClInclude Include="src\qapla-tester\elo-helper.h">
      <Filter>Quelldateien\qapla-tester</Filter>
    </ClInclude>
    <ClInclude Include="src\qapla-tester\engine-worker-factory.h">
      <Filter>Quelldateien\qapla-tester</Filter>
    </ClInclude>
    <ClInclude Include="src\qapla-tester\cli-settings-manager.h">
      <Filter>Quelldateien\qapla-tester</Filter>
    </ClInclude>
    <ClInclude Include="src\board-data.h">
      <Filter>Quelldateien</Filter>
    </ClInclude>
    <ClInclude Include="src\qapla-tester\engine-record.h">
      <Filter>Quelldateien\qapla-tester</Filter>
    </ClInclude>
    <ClInclude Include="src\imgui-table.h">
      <Filter>Quelldateien</Filter>
    </ClInclude>
    <ClInclude Include="src\clock-window.h">
      <Filter>Quelldateien</Filter>
    </ClInclude>
    <ClInclude Include="src\chess-font.h">
      <Filter>Quelldateien</Filter>
    </ClInclude>
    <ClInclude Include="src\inter-variable.h">
      <Filter>Quelldateien</Filter>
    </ClInclude>
  </ItemGroup>
</Project>